
Microsoft Visual Studio Solution File, Format Version 12.00
# Visual Studio 15
VisualStudioVersion = 15.0.27703.2042
MinimumVisualStudioVersion = 10.0.40219.1
Project("{FAE04EC0-301F-11D3-BF4B-00C04F79EFBC}") = "PR. IOLesson. №2", "Interfejsy\PR. IOLesson. №2.csproj", "{BC8285A0-E638-4E1A-8E12-4DB52EC5F3FF}"
EndProject
Project("{FAE04EC0-301F-11D3-BF4B-00C04F79EFBC}") = "PR. IOLesson. №1", "PR. IOLesson. №1\PR. IOLesson. №1.csproj", "{17E939FB-9B13-4721-BBA7-087390746FA6}"
EndProject
Global
	GlobalSection(SolutionConfigurationPlatforms) = preSolution
		Debug|Any CPU = Debug|Any CPU
		Release|Any CPU = Release|Any CPU
	EndGlobalSection
	GlobalSection(ProjectConfigurationPlatforms) = postSolution
		{BC8285A0-E638-4E1A-8E12-4DB52EC5F3FF}.Debug|Any CPU.ActiveCfg = Debug|Any CPU
		{BC8285A0-E638-4E1A-8E12-4DB52EC5F3FF}.Debug|Any CPU.Build.0 = Debug|Any CPU
		{BC8285A0-E638-4E1A-8E12-4DB52EC5F3FF}.Release|Any CPU.ActiveCfg = Release|Any CPU
		{BC8285A0-E638-4E1A-8E12-4DB52EC5F3FF}.Release|Any CPU.Build.0 = Release|Any CPU
		{17E939FB-9B13-4721-BBA7-087390746FA6}.Debug|Any CPU.ActiveCfg = Debug|Any CPU
		{17E939FB-9B13-4721-BBA7-087390746FA6}.Debug|Any CPU.Build.0 = Debug|Any CPU
		{17E939FB-9B13-4721-BBA7-087390746FA6}.Release|Any CPU.ActiveCfg = Release|Any CPU
		{17E939FB-9B13-4721-BBA7-087390746FA6}.Release|Any CPU.Build.0 = Release|Any CPU
	EndGlobalSection
	GlobalSection(SolutionProperties) = preSolution
		HideSolutionNode = FALSE
	EndGlobalSection
	GlobalSection(ExtensibilityGlobals) = postSolution
		SolutionGuid = {12987446-6F83-4814-9AEE-C7C0D774C5D9}
	EndGlobalSection
EndGlobal
